
Microsoft Visual Studio Solution File, Format Version 12.00
# Visual Studio Version 17
VisualStudioVersion = 17.13.35931.197 d17.13
MinimumVisualStudioVersion = 10.0.40219.1
Project("{FAE04EC0-301F-11D3-BF4B-00C04F79EFBC}") = "RESTpencils", "RESTpencils\RESTpencils.csproj", "{66A60972-2AE3-496E-976C-322E271198DB}"
EndProject
Global
	GlobalSection(SolutionConfigurationPlatforms) = preSolution
		Debug|Any CPU = Debug|Any CPU
		Release|Any CPU = Release|Any CPU
	EndGlobalSection
	GlobalSection(ProjectConfigurationPlatforms) = postSolution
		{66A60972-2AE3-496E-976C-322E271198DB}.Debug|Any CPU.ActiveCfg = Debug|Any CPU
		{66A60972-2AE3-496E-976C-322E271198DB}.Debug|Any CPU.Build.0 = Debug|Any CPU
		{66A60972-2AE3-496E-976C-322E271198DB}.Release|Any CPU.ActiveCfg = Release|Any CPU
		{66A60972-2AE3-496E-976C-322E271198DB}.Release|Any CPU.Build.0 = Release|Any CPU
	EndGlobalSection
	GlobalSection(SolutionProperties) = preSolution
		HideSolutionNode = FALSE
	EndGlobalSection
	GlobalSection(ExtensibilityGlobals) = postSolution
		SolutionGuid = {4809918A-8DD6-4CB7-9F60-1DE3F005D8B9}
	EndGlobalSection
EndGlobal
